
Microsoft Visual Studio Solution File, Format Version 12.00
# Visual Studio Version 16
VisualStudioVersion = 16.0.30413.136
MinimumVisualStudioVersion = 10.0.40219.1
Project("{FAE04EC0-301F-11D3-BF4B-00C04F79EFBC}") = "ProyectoUpc", "Design Dashboard Modern\ProyectoUpc.csproj", "{4D8BCAAC-874B-4730-B1DC-A3147345B29B}"
EndProject
Project("{FAE04EC0-301F-11D3-BF4B-00C04F79EFBC}") = "ENTITY", "ENTITY\ENTITY.csproj", "{3F11A062-7EAA-487B-A794-EDDC52CCC8CF}"
EndProject
Project("{FAE04EC0-301F-11D3-BF4B-00C04F79EFBC}") = "DAL", "DAL\DAL.csproj", "{1F6FC34C-4CA5-4F12-A459-3746ADD851E1}"
EndProject
Project("{FAE04EC0-301F-11D3-BF4B-00C04F79EFBC}") = "BLL", "BLL\BLL.csproj", "{E626FE3B-3F9A-4F1C-B644-5C927CD4472B}"
EndProject
Project("{FAE04EC0-301F-11D3-BF4B-00C04F79EFBC}") = "TestValidacionesConsultas", "UnitTestAsignaturas\TestValidacionesConsultas.csproj", "{02921051-A096-4605-AD5D-8E827D956F2D}"
EndProject
Project("{FAE04EC0-301F-11D3-BF4B-00C04F79EFBC}") = "TestValidacionesRegistrar", "TestValidacionesRegistrar\TestValidacionesRegistrar.csproj", "{F816D000-829D-43E3-9FD8-21ED0A7F06F3}"
EndProject
Global
	GlobalSection(SolutionConfigurationPlatforms) = preSolution
		Debug|Any CPU = Debug|Any CPU
		Release|Any CPU = Release|Any CPU
	EndGlobalSection
	GlobalSection(ProjectConfigurationPlatforms) = postSolution
		{4D8BCAAC-874B-4730-B1DC-A3147345B29B}.Debug|Any CPU.ActiveCfg = Debug|Any CPU
		{4D8BCAAC-874B-4730-B1DC-A3147345B29B}.Debug|Any CPU.Build.0 = Debug|Any CPU
		{4D8BCAAC-874B-4730-B1DC-A3147345B29B}.Release|Any CPU.ActiveCfg = Release|Any CPU
		{4D8BCAAC-874B-4730-B1DC-A3147345B29B}.Release|Any CPU.Build.0 = Release|Any CPU
		{3F11A062-7EAA-487B-A794-EDDC52CCC8CF}.Debug|Any CPU.ActiveCfg = Debug|Any CPU
		{3F11A062-7EAA-487B-A794-EDDC52CCC8CF}.Debug|Any CPU.Build.0 = Debug|Any CPU
		{3F11A062-7EAA-487B-A794-EDDC52CCC8CF}.Release|Any CPU.ActiveCfg = Release|Any CPU
		{3F11A062-7EAA-487B-A794-EDDC52CCC8CF}.Release|Any CPU.Build.0 = Release|Any CPU
		{1F6FC34C-4CA5-4F12-A459-3746ADD851E1}.Debug|Any CPU.ActiveCfg = Debug|Any CPU
		{1F6FC34C-4CA5-4F12-A459-3746ADD851E1}.Debug|Any CPU.Build.0 = Debug|Any CPU
		{1F6FC34C-4CA5-4F12-A459-3746ADD851E1}.Release|Any CPU.ActiveCfg = Release|Any CPU
		{1F6FC34C-4CA5-4F12-A459-3746ADD851E1}.Release|Any CPU.Build.0 = Release|Any CPU
		{E626FE3B-3F9A-4F1C-B644-5C927CD4472B}.Debug|Any CPU.ActiveCfg = Debug|Any CPU
		{E626FE3B-3F9A-4F1C-B644-5C927CD4472B}.Debug|Any CPU.Build.0 = Debug|Any CPU
		{E626FE3B-3F9A-4F1C-B644-5C927CD4472B}.Release|Any CPU.ActiveCfg = Release|Any CPU
		{E626FE3B-3F9A-4F1C-B644-5C927CD4472B}.Release|Any CPU.Build.0 = Release|Any CPU
		{02921051-A096-4605-AD5D-8E827D956F2D}.Debug|Any CPU.ActiveCfg = Debug|Any CPU
		{02921051-A096-4605-AD5D-8E827D956F2D}.Debug|Any CPU.Build.0 = Debug|Any CPU
		{02921051-A096-4605-AD5D-8E827D956F2D}.Release|Any CPU.ActiveCfg = Release|Any CPU
		{02921051-A096-4605-AD5D-8E827D956F2D}.Release|Any CPU.Build.0 = Release|Any CPU
		{F816D000-829D-43E3-9FD8-21ED0A7F06F3}.Debug|Any CPU.ActiveCfg = Debug|Any CPU
		{F816D000-829D-43E3-9FD8-21ED0A7F06F3}.Debug|Any CPU.Build.0 = Debug|Any CPU
		{F816D000-829D-43E3-9FD8-21ED0A7F06F3}.Release|Any CPU.ActiveCfg = Release|Any CPU
		{F816D000-829D-43E3-9FD8-21ED0A7F06F3}.Release|Any CPU.Build.0 = Release|Any CPU
	EndGlobalSection
	GlobalSection(SolutionProperties) = preSolution
		HideSolutionNode = FALSE
	EndGlobalSection
	GlobalSection(ExtensibilityGlobals) = postSolution
		SolutionGuid = {4EC82FEA-DCB4-4487-9C4A-C52060C1CB69}
	EndGlobalSection
EndGlobal
